<?xml version="1.0" encoding="utf-8"?>
<Project ToolsVersion="4.0" xmlns="http://schemas.microsoft.com/developer/msbuild/2003">
  <ItemGroup>
    <Filter Include="src">
      <UniqueIdentifier>{2DAB880B-99B4-887C-2230-9F7C8E38947C}</UniqueIdentifier>
    </Filter>
    <Filter Include="src\Hazel">
      <UniqueIdentifier>{F0370AB3-5CA2-BE29-A5E0-6FCF118A9C7E}</UniqueIdentifier>
    </Filter>
    <Filter Include="src\Hazel\Animation">
      <UniqueIdentifier>{DF9C39E7-4BFE-16F5-D46B-5DA740CC4DB4}</UniqueIdentifier>
    </Filter>
    <Filter Include="src\Hazel\Asset">
      <UniqueIdentifier>{7F20ACB2-EBAB-1977-F4BC-9C6B60C77577}</UniqueIdentifier>
    </Filter>
    <Filter Include="src\Hazel\Core">
      <UniqueIdentifier>{48D253A8-34A0-47AE-1D34-B8D409A12313}</UniqueIdentifier>
    </Filter>
    <Filter Include="src\Hazel\Event">
      <UniqueIdentifier>{41EDF5B2-AD78-6377-B689-E66B2294BF77}</UniqueIdentifier>
    </Filter>
    <Filter Include="src\Hazel\ImGui">
      <UniqueIdentifier>{1AE138B3-866C-A677-8F7D-296CFB870278}</UniqueIdentifier>
    </Filter>
    <Filter Include="src\Hazel\Math">
      <UniqueIdentifier>{C91259A8-B5E0-4CAE-9E74-BDD48AE12813}</UniqueIdentifier>
    </Filter>
    <Filter Include="src\Hazel\Renderer">
      <UniqueIdentifier>{9669EB43-824D-AC99-EBAD-A6ECD7B0961B}</UniqueIdentifier>
    </Filter>
    <Filter Include="src\Hazel\Scene">
      <UniqueIdentifier>{0DD9E8B3-7964-5678-8275-D96CEE7FB278}</UniqueIdentifier>
    </Filter>
    <Filter Include="src\Hazel\Scripting">
      <UniqueIdentifier>{F258AC9D-5EBA-89AB-E727-D05D5388C06A}</UniqueIdentifier>
    </Filter>
    <Filter Include="src\Hazel\UI">
      <UniqueIdentifier>{1D45776D-09A8-0612-B22D-3FC89E6FD294}</UniqueIdentifier>
    </Filter>
    <Filter Include="src\Hazel\Utils">
      <UniqueIdentifier>{506D16B4-BCF8-8378-C509-076D3114E078}</UniqueIdentifier>
    </Filter>
    <Filter Include="src\Platform">
      <UniqueIdentifier>{21CA02E5-0D2D-9289-B6B2-CA3FA2F45D0C}</UniqueIdentifier>
    </Filter>
    <Filter Include="src\Platform\OpenGL">
      <UniqueIdentifier>{35A49437-A105-7245-2A73-B8F796D3A804}</UniqueIdentifier>
    </Filter>
    <Filter Include="src\Platform\Windows">
      <UniqueIdentifier>{5B054582-4794-CE4B-F0B2-E246DC20DFF1}</UniqueIdentifier>
    </Filter>
    <Filter Include="vendor">
      <UniqueIdentifier>{B3738122-9F15-ACF8-88D0-BF4C74113349}</UniqueIdentifier>
    </Filter>
    <Filter Include="vendor\ImGuizmo">
      <UniqueIdentifier>{73BF7F4C-DF4A-ED10-E85B-700554664911}</UniqueIdentifier>
    </Filter>
    <Filter Include="vendor\stb_image">
      <UniqueIdentifier>{0DA0BA59-F998-D9AB-22CB-BE300E23B9B7}</UniqueIdentifier>
    </Filter>
  </ItemGroup>
  <ItemGroup>
    <ClInclude Include="..\vendor\ImGuizmo\ImGuizmo.h">
      <Filter>vendor\ImGuizmo</Filter>
    </ClInclude>
    <ClInclude Include="..\vendor\stb_image\stb_image.h">
      <Filter>vendor\stb_image</Filter>
    </ClInclude>
    <ClInclude Include="..\vendor\stb_image\stb_image_write.h">
      <Filter>vendor\stb_image</Filter>
    </ClInclude>
    <ClInclude Include="src\Hazel.h">
      <Filter>src</Filter>
    </ClInclude>
    <ClInclude Include="src\Hazel\Animation\Animation.h">
      <Filter>src\Hazel\Animation</Filter>
    </ClInclude>
    <ClInclude Include="src\Hazel\Animation\Animator.h">
      <Filter>src\Hazel\Animation</Filter>
    </ClInclude>
    <ClInclude Include="src\Hazel\Animation\Skeleton.h">
      <Filter>src\Hazel\Animation</Filter>
    </ClInclude>
    <ClInclude Include="src\Hazel\Asset\Asset.h">
      <Filter>src\Hazel\Asset</Filter>
    </ClInclude>
    <ClInclude Include="src\Hazel\Asset\AssetManager.h">
      <Filter>src\Hazel\Asset</Filter>
    </ClInclude>
    <ClInclude Include="src\Hazel\Asset\AssimpImporter.h">
      <Filter>src\Hazel\Asset</Filter>
    </ClInclude>
    <ClInclude Include="src\Hazel\Core\Application.h">
      <Filter>src\Hazel\Core</Filter>
    </ClInclude>
    <ClInclude Include="src\Hazel\Core\Buffer.h">
      <Filter>src\Hazel\Core</Filter>
    </ClInclude>
    <ClInclude Include="src\Hazel\Core\Core.h">
      <Filter>src\Hazel\Core</Filter>
    </ClInclude>
    <ClInclude Include="src\Hazel\Core\EntryPoint.h">
      <Filter>src\Hazel\Core</Filter>
    </ClInclude>
    <ClInclude Include="src\Hazel\Core\Input.h">
      <Filter>src\Hazel\Core</Filter>
    </ClInclude>
    <ClInclude Include="src\Hazel\Core\KeyCodes.h">
      <Filter>src\Hazel\Core</Filter>
    </ClInclude>
    <ClInclude Include="src\Hazel\Core\Layer.h">
      <Filter>src\Hazel\Core</Filter>
    </ClInclude>
    <ClInclude Include="src\Hazel\Core\LayerStack.h">
      <Filter>src\Hazel\Core</Filter>
    </ClInclude>
    <ClInclude Include="src\Hazel\Core\Log.h">
      <Filter>src\Hazel\Core</Filter>
    </ClInclude>
    <ClInclude Include="src\Hazel\Core\MouseButtonCodes.h">
      <Filter>src\Hazel\Core</Filter>
    </ClInclude>
    <ClInclude Include="src\Hazel\Core\Random.h">
      <Filter>src\Hazel\Core</Filter>
    </ClInclude>
    <ClInclude Include="src\Hazel\Core\Timer.h">
      <Filter>src\Hazel\Core</Filter>
    </ClInclude>
    <ClInclude Include="src\Hazel\Core\Timestep.h">
      <Filter>src\Hazel\Core</Filter>
    </ClInclude>
    <ClInclude Include="src\Hazel\Core\UUID.h">
      <Filter>src\Hazel\Core</Filter>
    </ClInclude>
    <ClInclude Include="src\Hazel\Core\Window.h">
      <Filter>src\Hazel\Core</Filter>
    </ClInclude>
    <ClInclude Include="src\Hazel\Event\ApplicationEvent.h">
      <Filter>src\Hazel\Event</Filter>
    </ClInclude>
    <ClInclude Include="src\Hazel\Event\Event.h">
      <Filter>src\Hazel\Event</Filter>
    </ClInclude>
    <ClInclude Include="src\Hazel\Event\KeyEvent.h">
      <Filter>src\Hazel\Event</Filter>
    </ClInclude>
    <ClInclude Include="src\Hazel\Event\MouseEvent.h">
      <Filter>src\Hazel\Event</Filter>
    </ClInclude>
    <ClInclude Include="src\Hazel\ImGui\ImGuiLayer.h">
      <Filter>src\Hazel\ImGui</Filter>
    </ClInclude>
    <ClInclude Include="src\Hazel\Math\Math.h">
      <Filter>src\Hazel\Math</Filter>
    </ClInclude>
    <ClInclude Include="src\Hazel\Renderer\Buffer.h">
      <Filter>src\Hazel\Renderer</Filter>
    </ClInclude>
    <ClInclude Include="src\Hazel\Renderer\Camera.h">
      <Filter>src\Hazel\Renderer</Filter>
    </ClInclude>
    <ClInclude Include="src\Hazel\Renderer\EditorCamera.h">
      <Filter>src\Hazel\Renderer</Filter>
    </ClInclude>
    <ClInclude Include="src\Hazel\Renderer\Environment.h">
      <Filter>src\Hazel\Renderer</Filter>
    </ClInclude>
    <ClInclude Include="src\Hazel\Renderer\Framebuffer.h">
      <Filter>src\Hazel\Renderer</Filter>
    </ClInclude>
    <ClInclude Include="src\Hazel\Renderer\GraphicsContext.h">
      <Filter>src\Hazel\Renderer</Filter>
    </ClInclude>
    <ClInclude Include="src\Hazel\Renderer\Light.h">
      <Filter>src\Hazel\Renderer</Filter>
    </ClInclude>
    <ClInclude Include="src\Hazel\Renderer\Material.h">
      <Filter>src\Hazel\Renderer</Filter>
    </ClInclude>
    <ClInclude Include="src\Hazel\Renderer\Mesh.h">
      <Filter>src\Hazel\Renderer</Filter>
    </ClInclude>
    <ClInclude Include="src\Hazel\Renderer\OrthographicCamera.h">
      <Filter>src\Hazel\Renderer</Filter>
    </ClInclude>
    <ClInclude Include="src\Hazel\Renderer\OrthographicCameraController.h">
      <Filter>src\Hazel\Renderer</Filter>
    </ClInclude>
    <ClInclude Include="src\Hazel\Renderer\ParticleSystem.h">
      <Filter>src\Hazel\Renderer</Filter>
    </ClInclude>
    <ClInclude Include="src\Hazel\Renderer\PerspectiveCamera.h">
      <Filter>src\Hazel\Renderer</Filter>
    </ClInclude>
    <ClInclude Include="src\Hazel\Renderer\RenderCommand.h">
      <Filter>src\Hazel\Renderer</Filter>
    </ClInclude>
    <ClInclude Include="src\Hazel\Renderer\RenderPass.h">
      <Filter>src\Hazel\Renderer</Filter>
    </ClInclude>
    <ClInclude Include="src\Hazel\Renderer\Renderer.h">
      <Filter>src\Hazel\Renderer</Filter>
    </ClInclude>
    <ClInclude Include="src\Hazel\Renderer\Renderer2D.h">
      <Filter>src\Hazel\Renderer</Filter>
    </ClInclude>
    <ClInclude Include="src\Hazel\Renderer\Renderer3D.h">
      <Filter>src\Hazel\Renderer</Filter>
    </ClInclude>
    <ClInclude Include="src\Hazel\Renderer\RendererAPI.h">
      <Filter>src\Hazel\Renderer</Filter>
    </ClInclude>
    <ClInclude Include="src\Hazel\Renderer\Shader.h">
      <Filter>src\Hazel\Renderer</Filter>
    </ClInclude>
    <ClInclude Include="src\Hazel\Renderer\ShaderUniform.h">
      <Filter>src\Hazel\Renderer</Filter>
    </ClInclude>
    <ClInclude Include="src\Hazel\Renderer\Texture.h">
      <Filter>src\Hazel\Renderer</Filter>
    </ClInclude>
    <ClInclude Include="src\Hazel\Renderer\VertexArray.h">
      <Filter>src\Hazel\Renderer</Filter>
    </ClInclude>
    <ClInclude Include="src\Hazel\Scene\Component.h">
      <Filter>src\Hazel\Scene</Filter>
    </ClInclude>
    <ClInclude Include="src\Hazel\Scene\Entity.h">
      <Filter>src\Hazel\Scene</Filter>
    </ClInclude>
    <ClInclude Include="src\Hazel\Scene\Scene.h">
      <Filter>src\Hazel\Scene</Filter>
    </ClInclude>
    <ClInclude Include="src\Hazel\Scene\SceneSerializer.h">
      <Filter>src\Hazel\Scene</Filter>
    </ClInclude>
    <ClInclude Include="src\Hazel\Scene\ScriptableEntity.h">
      <Filter>src\Hazel\Scene</Filter>
    </ClInclude>
    <ClInclude Include="src\Hazel\Scripting\ScriptEngine.h">
      <Filter>src\Hazel\Scripting</Filter>
    </ClInclude>
    <ClInclude Include="src\Hazel\Scripting\ScriptGlue.h">
      <Filter>src\Hazel\Scripting</Filter>
    </ClInclude>
    <ClInclude Include="src\Hazel\UI\UI.h">
      <Filter>src\Hazel\UI</Filter>
    </ClInclude>
    <ClInclude Include="src\Hazel\Utils\MaterialSerializer.h">
      <Filter>src\Hazel\Utils</Filter>
    </ClInclude>
    <ClInclude Include="src\Hazel\Utils\PlatformUtils.h">
      <Filter>src\Hazel\Utils</Filter>
    </ClInclude>
    <ClInclude Include="src\Hazel\Utils\YAML.h">
      <Filter>src\Hazel\Utils</Filter>
    </ClInclude>
    <ClInclude Include="src\Platform\OpenGL\OpenGLBuffer.h">
      <Filter>src\Platform\OpenGL</Filter>
    </ClInclude>
    <ClInclude Include="src\Platform\OpenGL\OpenGLContext.h">
      <Filter>src\Platform\OpenGL</Filter>
    </ClInclude>
    <ClInclude Include="src\Platform\OpenGL\OpenGLEnvironment.h">
      <Filter>src\Platform\OpenGL</Filter>
    </ClInclude>
    <ClInclude Include="src\Platform\OpenGL\OpenGLFramebuffer.h">
      <Filter>src\Platform\OpenGL</Filter>
    </ClInclude>
    <ClInclude Include="src\Platform\OpenGL\OpenGLRendererAPI.h">
      <Filter>src\Platform\OpenGL</Filter>
    </ClInclude>
    <ClInclude Include="src\Platform\OpenGL\OpenGLShader.h">
      <Filter>src\Platform\OpenGL</Filter>
    </ClInclude>
    <ClInclude Include="src\Platform\OpenGL\OpenGLShaderUniform.h">
      <Filter>src\Platform\OpenGL</Filter>
    </ClInclude>
    <ClInclude Include="src\Platform\OpenGL\OpenGLTexture.h">
      <Filter>src\Platform\OpenGL</Filter>
    </ClInclude>
    <ClInclude Include="src\Platform\OpenGL\OpenGLVertexArray.h">
      <Filter>src\Platform\OpenGL</Filter>
    </ClInclude>
    <ClInclude Include="src\Platform\Windows\WindowsInput.h">
      <Filter>src\Platform\Windows</Filter>
    </ClInclude>
    <ClInclude Include="src\Platform\Windows\WindowsUtils.h">
      <Filter>src\Platform\Windows</Filter>
    </ClInclude>
    <ClInclude Include="src\Platform\Windows\WindowsWindow.h">
      <Filter>src\Platform\Windows</Filter>
    </ClInclude>
    <ClInclude Include="src\hzpch.h">
      <Filter>src</Filter>
    </ClInclude>
  </ItemGroup>
  <ItemGroup>
    <ClCompile Include="..\vendor\ImGuizmo\ImGuizmo.cpp">
      <Filter>vendor\ImGuizmo</Filter>
    </ClCompile>
    <ClCompile Include="..\vendor\stb_image\stb_image.cpp">
      <Filter>vendor\stb_image</Filter>
    </ClCompile>
    <ClCompile Include="..\vendor\stb_image\stb_image_write.cpp">
      <Filter>vendor\stb_image</Filter>
    </ClCompile>
    <ClCompile Include="src\Hazel\Animation\Animation.cpp">
      <Filter>src\Hazel\Animation</Filter>
    </ClCompile>
    <ClCompile Include="src\Hazel\Animation\Animator.cpp">
      <Filter>src\Hazel\Animation</Filter>
    </ClCompile>
    <ClCompile Include="src\Hazel\Animation\Skeleton.cpp">
      <Filter>src\Hazel\Animation</Filter>
    </ClCompile>
    <ClCompile Include="src\Hazel\Asset\Asset.cpp">
      <Filter>src\Hazel\Asset</Filter>
    </ClCompile>
    <ClCompile Include="src\Hazel\Asset\AssetManager.cpp">
      <Filter>src\Hazel\Asset</Filter>
    </ClCompile>
    <ClCompile Include="src\Hazel\Asset\AssimpImporter.cpp">
      <Filter>src\Hazel\Asset</Filter>
    </ClCompile>
    <ClCompile Include="src\Hazel\Core\Application.cpp">
      <Filter>src\Hazel\Core</Filter>
    </ClCompile>
    <ClCompile Include="src\Hazel\Core\Layer.cpp">
      <Filter>src\Hazel\Core</Filter>
    </ClCompile>
    <ClCompile Include="src\Hazel\Core\LayerStack.cpp">
      <Filter>src\Hazel\Core</Filter>
    </ClCompile>
    <ClCompile Include="src\Hazel\Core\Log.cpp">
      <Filter>src\Hazel\Core</Filter>
    </ClCompile>
    <ClCompile Include="src\Hazel\Core\Random.cpp">
      <Filter>src\Hazel\Core</Filter>
    </ClCompile>
    <ClCompile Include="src\Hazel\Core\Timer.cpp">
      <Filter>src\Hazel\Core</Filter>
    </ClCompile>
    <ClCompile Include="src\Hazel\Core\Timestep.cpp">
      <Filter>src\Hazel\Core</Filter>
    </ClCompile>
    <ClCompile Include="src\Hazel\Core\UUID.cpp">
      <Filter>src\Hazel\Core</Filter>
    </ClCompile>
    <ClCompile Include="src\Hazel\ImGui\ImGuiBuild.cpp">
      <Filter>src\Hazel\ImGui</Filter>
    </ClCompile>
    <ClCompile Include="src\Hazel\ImGui\ImGuiLayer.cpp">
      <Filter>src\Hazel\ImGui</Filter>
    </ClCompile>
    <ClCompile Include="src\Hazel\Math\Math.cpp">
      <Filter>src\Hazel\Math</Filter>
    </ClCompile>
    <ClCompile Include="src\Hazel\Renderer\Buffer.cpp">
      <Filter>src\Hazel\Renderer</Filter>
    </ClCompile>
    <ClCompile Include="src\Hazel\Renderer\Camera.cpp">
      <Filter>src\Hazel\Renderer</Filter>
    </ClCompile>
    <ClCompile Include="src\Hazel\Renderer\EditorCamera.cpp">
      <Filter>src\Hazel\Renderer</Filter>
    </ClCompile>
    <ClCompile Include="src\Hazel\Renderer\Environment.cpp">
      <Filter>src\Hazel\Renderer</Filter>
    </ClCompile>
    <ClCompile Include="src\Hazel\Renderer\Framebuffer.cpp">
      <Filter>src\Hazel\Renderer</Filter>
    </ClCompile>
    <ClCompile Include="src\Hazel\Renderer\GraphicsContext.cpp">
      <Filter>src\Hazel\Renderer</Filter>
    </ClCompile>
    <ClCompile Include="src\Hazel\Renderer\Lightt.cpp">
      <Filter>src\Hazel\Renderer</Filter>
    </ClCompile>
    <ClCompile Include="src\Hazel\Renderer\Material.cpp">
      <Filter>src\Hazel\Renderer</Filter>
    </ClCompile>
    <ClCompile Include="src\Hazel\Renderer\Mesh.cpp">
      <Filter>src\Hazel\Renderer</Filter>
    </ClCompile>
    <ClCompile Include="src\Hazel\Renderer\OrthographicCamera.cpp">
      <Filter>src\Hazel\Renderer</Filter>
    </ClCompile>
    <ClCompile Include="src\Hazel\Renderer\OrthographicCameraController.cpp">
      <Filter>src\Hazel\Renderer</Filter>
    </ClCompile>
    <ClCompile Include="src\Hazel\Renderer\ParticleSystem.cpp">
      <Filter>src\Hazel\Renderer</Filter>
    </ClCompile>
    <ClCompile Include="src\Hazel\Renderer\PerspectiveCamera.cpp">
      <Filter>src\Hazel\Renderer</Filter>
    </ClCompile>
    <ClCompile Include="src\Hazel\Renderer\RenderCommand.cpp">
      <Filter>src\Hazel\Renderer</Filter>
    </ClCompile>
    <ClCompile Include="src\Hazel\Renderer\RenderPass.cpp">
      <Filter>src\Hazel\Renderer</Filter>
    </ClCompile>
    <ClCompile Include="src\Hazel\Renderer\Renderer.cpp">
      <Filter>src\Hazel\Renderer</Filter>
    </ClCompile>
    <ClCompile Include="src\Hazel\Renderer\Renderer2D.cpp">
      <Filter>src\Hazel\Renderer</Filter>
    </ClCompile>
    <ClCompile Include="src\Hazel\Renderer\Renderer3D.cpp">
      <Filter>src\Hazel\Renderer</Filter>
    </ClCompile>
    <ClCompile Include="src\Hazel\Renderer\RendererAPI.cpp">
      <Filter>src\Hazel\Renderer</Filter>
    </ClCompile>
    <ClCompile Include="src\Hazel\Renderer\Shader.cpp">
      <Filter>src\Hazel\Renderer</Filter>
    </ClCompile>
    <ClCompile Include="src\Hazel\Renderer\ShaderUniform.cpp">
      <Filter>src\Hazel\Renderer</Filter>
    </ClCompile>
    <ClCompile Include="src\Hazel\Renderer\Texture.cpp">
      <Filter>src\Hazel\Renderer</Filter>
    </ClCompile>
    <ClCompile Include="src\Hazel\Renderer\VertexArray.cpp">
      <Filter>src\Hazel\Renderer</Filter>
    </ClCompile>
    <ClCompile Include="src\Hazel\Scene\Entity.cpp">
      <Filter>src\Hazel\Scene</Filter>
    </ClCompile>
    <ClCompile Include="src\Hazel\Scene\Scene.cpp">
      <Filter>src\Hazel\Scene</Filter>
    </ClCompile>
    <ClCompile Include="src\Hazel\Scene\SceneSerializer.cpp">
      <Filter>src\Hazel\Scene</Filter>
    </ClCompile>
    <ClCompile Include="src\Hazel\Scene\ScriptableEntity.cpp">
      <Filter>src\Hazel\Scene</Filter>
    </ClCompile>
    <ClCompile Include="src\Hazel\Scripting\ScriptEngine.cpp">
      <Filter>src\Hazel\Scripting</Filter>
    </ClCompile>
    <ClCompile Include="src\Hazel\Scripting\ScriptGlue.cpp">
      <Filter>src\Hazel\Scripting</Filter>
    </ClCompile>
    <ClCompile Include="src\Hazel\UI\UI.cpp">
      <Filter>src\Hazel\UI</Filter>
    </ClCompile>
    <ClCompile Include="src\Hazel\Utils\MaterialSerializer.cpp">
      <Filter>src\Hazel\Utils</Filter>
    </ClCompile>
    <ClCompile Include="src\Platform\OpenGL\OpenGLBuffer.cpp">
      <Filter>src\Platform\OpenGL</Filter>
    </ClCompile>
    <ClCompile Include="src\Platform\OpenGL\OpenGLContext.cpp">
      <Filter>src\Platform\OpenGL</Filter>
    </ClCompile>
    <ClCompile Include="src\Platform\OpenGL\OpenGLEnvironment.cpp">
      <Filter>src\Platform\OpenGL</Filter>
    </ClCompile>
    <ClCompile Include="src\Platform\OpenGL\OpenGLFramebuffer.cpp">
      <Filter>src\Platform\OpenGL</Filter>
    </ClCompile>
    <ClCompile Include="src\Platform\OpenGL\OpenGLRendererAPI.cpp">
      <Filter>src\Platform\OpenGL</Filter>
    </ClCompile>
    <ClCompile Include="src\Platform\OpenGL\OpenGLShader.cpp">
      <Filter>src\Platform\OpenGL</Filter>
    </ClCompile>
    <ClCompile Include="src\Platform\OpenGL\OpenGLShaderUniform.cpp">
      <Filter>src\Platform\OpenGL</Filter>
    </ClCompile>
    <ClCompile Include="src\Platform\OpenGL\OpenGLTexture.cpp">
      <Filter>src\Platform\OpenGL</Filter>
    </ClCompile>
    <ClCompile Include="src\Platform\OpenGL\OpenGLVertexArray.cpp">
      <Filter>src\Platform\OpenGL</Filter>
    </ClCompile>
    <ClCompile Include="src\Platform\Windows\WindowsInput.cpp">
      <Filter>src\Platform\Windows</Filter>
    </ClCompile>
    <ClCompile Include="src\Platform\Windows\WindowsUtils.cpp">
      <Filter>src\Platform\Windows</Filter>
    </ClCompile>
    <ClCompile Include="src\Platform\Windows\WindowsWindow.cpp">
      <Filter>src\Platform\Windows</Filter>
    </ClCompile>
    <ClCompile Include="src\hzpch.cpp">
      <Filter>src</Filter>
    </ClCompile>
  </ItemGroup>
</Project>